
Microsoft Visual Studio Solution File, Format Version 12.00
# Visual Studio Version 17
VisualStudioVersion = 17.4.33213.308
MinimumVisualStudioVersion = 10.0.40219.1
Project("{FAE04EC0-301F-11D3-BF4B-00C04F79EFBC}") = "COMP003A.Assignment03", "COMP003A.Assignment03\COMP003A.Assignment03.csproj", "{8945E462-41A0-428E-87F3-BEA744B9B4BA}"
EndProject
Global
	GlobalSection(SolutionConfigurationPlatforms) = preSolution
		Debug|Any CPU = Debug|Any CPU
		Release|Any CPU = Release|Any CPU
	EndGlobalSection
	GlobalSection(ProjectConfigurationPlatforms) = postSolution
		{8945E462-41A0-428E-87F3-BEA744B9B4BA}.Debug|Any CPU.ActiveCfg = Debug|Any CPU
		{8945E462-41A0-428E-87F3-BEA744B9B4BA}.Debug|Any CPU.Build.0 = Debug|Any CPU
		{8945E462-41A0-428E-87F3-BEA744B9B4BA}.Release|Any CPU.ActiveCfg = Release|Any CPU
		{8945E462-41A0-428E-87F3-BEA744B9B4BA}.Release|Any CPU.Build.0 = Release|Any CPU
	EndGlobalSection
	GlobalSection(SolutionProperties) = preSolution
		HideSolutionNode = FALSE
	EndGlobalSection
	GlobalSection(ExtensibilityGlobals) = postSolution
		SolutionGuid = {A6567D58-D26A-41F2-BDA0-8C9E72A135ED}
	EndGlobalSection
EndGlobal
